
Microsoft Visual Studio Solution File, Format Version 12.00
# Visual Studio Version 16
VisualStudioVersion = 16.0.30011.22
MinimumVisualStudioVersion = 10.0.40219.1
Project("{FAE04EC0-301F-11D3-BF4B-00C04F79EFBC}") = "GibDD.UWP", "GibDD.UWP\GibDD.UWP.csproj", "{9382DE33-533A-4DA4-ABEE-E4A9DD1C0772}"
EndProject
Project("{FAE04EC0-301F-11D3-BF4B-00C04F79EFBC}") = "GibDD.Android", "GibDD.Android\GibDD.Android.csproj", "{F17B24E9-DC25-4BB2-AAE4-BDD56B72C713}"
EndProject
Project("{FAE04EC0-301F-11D3-BF4B-00C04F79EFBC}") = "GibDD.iOS", "GibDD.iOS\GibDD.iOS.csproj", "{AE45695D-FF2F-4C22-94C2-4F9356332762}"
EndProject
Project("{FAE04EC0-301F-11D3-BF4B-00C04F79EFBC}") = "GibDD", "GibDD\GibDD.csproj", "{5AAF4259-5FE7-45E2-B966-287C23C8BA74}"
EndProject
Global
	GlobalSection(SolutionConfigurationPlatforms) = preSolution
		Debug|Any CPU = Debug|Any CPU
		Debug|ARM = Debug|ARM
		Debug|iPhone = Debug|iPhone
		Debug|iPhoneSimulator = Debug|iPhoneSimulator
		Debug|x64 = Debug|x64
		Debug|x86 = Debug|x86
		Release|Any CPU = Release|Any CPU
		Release|ARM = Release|ARM
		Release|iPhone = Release|iPhone
		Release|iPhoneSimulator = Release|iPhoneSimulator
		Release|x64 = Release|x64
		Release|x86 = Release|x86
	EndGlobalSection
	GlobalSection(ProjectConfigurationPlatforms) = postSolution
		{9382DE33-533A-4DA4-ABEE-E4A9DD1C0772}.Debug|Any CPU.ActiveCfg = Debug|x86
		{9382DE33-533A-4DA4-ABEE-E4A9DD1C0772}.Debug|Any CPU.Build.0 = Debug|x86
		{9382DE33-533A-4DA4-ABEE-E4A9DD1C0772}.Debug|Any CPU.Deploy.0 = Debug|x86
		{9382DE33-533A-4DA4-ABEE-E4A9DD1C0772}.Debug|ARM.ActiveCfg = Debug|ARM
		{9382DE33-533A-4DA4-ABEE-E4A9DD1C0772}.Debug|ARM.Build.0 = Debug|ARM
		{9382DE33-533A-4DA4-ABEE-E4A9DD1C0772}.Debug|ARM.Deploy.0 = Debug|ARM
		{9382DE33-533A-4DA4-ABEE-E4A9DD1C0772}.Debug|iPhone.ActiveCfg = Debug|x86
		{9382DE33-533A-4DA4-ABEE-E4A9DD1C0772}.Debug|iPhone.Build.0 = Debug|x86
		{9382DE33-533A-4DA4-ABEE-E4A9DD1C0772}.Debug|iPhone.Deploy.0 = Debug|x86
		{9382DE33-533A-4DA4-ABEE-E4A9DD1C0772}.Debug|iPhoneSimulator.ActiveCfg = Debug|x86
		{9382DE33-533A-4DA4-ABEE-E4A9DD1C0772}.Debug|iPhoneSimulator.Build.0 = Debug|x86
		{9382DE33-533A-4DA4-ABEE-E4A9DD1C0772}.Debug|iPhoneSimulator.Deploy.0 = Debug|x86
		{9382DE33-533A-4DA4-ABEE-E4A9DD1C0772}.Debug|x64.ActiveCfg = Debug|x64
		{9382DE33-533A-4DA4-ABEE-E4A9DD1C0772}.Debug|x64.Build.0 = Debug|x64
		{9382DE33-533A-4DA4-ABEE-E4A9DD1C0772}.Debug|x64.Deploy.0 = Debug|x64
		{9382DE33-533A-4DA4-ABEE-E4A9DD1C0772}.Debug|x86.ActiveCfg = Debug|x86
		{9382DE33-533A-4DA4-ABEE-E4A9DD1C0772}.Debug|x86.Build.0 = Debug|x86
		{9382DE33-533A-4DA4-ABEE-E4A9DD1C0772}.Debug|x86.Deploy.0 = Debug|x86
		{9382DE33-533A-4DA4-ABEE-E4A9DD1C0772}.Release|Any CPU.ActiveCfg = Release|x86
		{9382DE33-533A-4DA4-ABEE-E4A9DD1C0772}.Release|Any CPU.Build.0 = Release|x86
		{9382DE33-533A-4DA4-ABEE-E4A9DD1C0772}.Release|Any CPU.Deploy.0 = Release|x86
		{9382DE33-533A-4DA4-ABEE-E4A9DD1C0772}.Release|ARM.ActiveCfg = Release|ARM
		{9382DE33-533A-4DA4-ABEE-E4A9DD1C0772}.Release|ARM.Build.0 = Release|ARM
		{9382DE33-533A-4DA4-ABEE-E4A9DD1C0772}.Release|ARM.Deploy.0 = Release|ARM
		{9382DE33-533A-4DA4-ABEE-E4A9DD1C0772}.Release|iPhone.ActiveCfg = Release|x86
		{9382DE33-533A-4DA4-ABEE-E4A9DD1C0772}.Release|iPhone.Build.0 = Release|x86
		{9382DE33-533A-4DA4-ABEE-E4A9DD1C0772}.Release|iPhone.Deploy.0 = Release|x86
		{9382DE33-533A-4DA4-ABEE-E4A9DD1C0772}.Release|iPhoneSimulator.ActiveCfg = Release|x86
		{9382DE33-533A-4DA4-ABEE-E4A9DD1C0772}.Release|iPhoneSimulator.Build.0 = Release|x86
		{9382DE33-533A-4DA4-ABEE-E4A9DD1C0772}.Release|iPhoneSimulator.Deploy.0 = Release|x86
		{9382DE33-533A-4DA4-ABEE-E4A9DD1C0772}.Release|x64.ActiveCfg = Release|x64
		{9382DE33-533A-4DA4-ABEE-E4A9DD1C0772}.Release|x64.Build.0 = Release|x64
		{9382DE33-533A-4DA4-ABEE-E4A9DD1C0772}.Release|x64.Deploy.0 = Release|x64
		{9382DE33-533A-4DA4-ABEE-E4A9DD1C0772}.Release|x86.ActiveCfg = Release|x86
		{9382DE33-533A-4DA4-ABEE-E4A9DD1C0772}.Release|x86.Build.0 = Release|x86
		{9382DE33-533A-4DA4-ABEE-E4A9DD1C0772}.Release|x86.Deploy.0 = Release|x86
		{F17B24E9-DC25-4BB2-AAE4-BDD56B72C713}.Debug|Any CPU.ActiveCfg = Debug|Any CPU
		{F17B24E9-DC25-4BB2-AAE4-BDD56B72C713}.Debug|Any CPU.Build.0 = Debug|Any CPU
		{F17B24E9-DC25-4BB2-AAE4-BDD56B72C713}.Debug|Any CPU.Deploy.0 = Debug|Any CPU
		{F17B24E9-DC25-4BB2-AAE4-BDD56B72C713}.Debug|ARM.ActiveCfg = Debug|Any CPU
		{F17B24E9-DC25-4BB2-AAE4-BDD56B72C713}.Debug|ARM.Build.0 = Debug|Any CPU
		{F17B24E9-DC25-4BB2-AAE4-BDD56B72C713}.Debug|ARM.Deploy.0 = Debug|Any CPU
		{F17B24E9-DC25-4BB2-AAE4-BDD56B72C713}.Debug|iPhone.ActiveCfg = Debug|Any CPU
		{F17B24E9-DC25-4BB2-AAE4-BDD56B72C713}.Debug|iPhone.Build.0 = Debug|Any CPU
		{F17B24E9-DC25-4BB2-AAE4-BDD56B72C713}.Debug|iPhone.Deploy.0 = Debug|Any CPU
		{F17B24E9-DC25-4BB2-AAE4-BDD56B72C713}.Debug|iPhoneSimulator.ActiveCfg = Debug|Any CPU
		{F17B24E9-DC25-4BB2-AAE4-BDD56B72C713}.Debug|iPhoneSimulator.Build.0 = Debug|Any CPU
		{F17B24E9-DC25-4BB2-AAE4-BDD56B72C713}.Debug|iPhoneSimulator.Deploy.0 = Debug|Any CPU
		{F17B24E9-DC25-4BB2-AAE4-BDD56B72C713}.Debug|x64.ActiveCfg = Debug|Any CPU
		{F17B24E9-DC25-4BB2-AAE4-BDD56B72C713}.Debug|x64.Build.0 = Debug|Any CPU
		{F17B24E9-DC25-4BB2-AAE4-BDD56B72C713}.Debug|x64.Deploy.0 = Debug|Any CPU
		{F17B24E9-DC25-4BB2-AAE4-BDD56B72C713}.Debug|x86.ActiveCfg = Debug|Any CPU
		{F17B24E9-DC25-4BB2-AAE4-BDD56B72C713}.Debug|x86.Build.0 = Debug|Any CPU
		{F17B24E9-DC25-4BB2-AAE4-BDD56B72C713}.Debug|x86.Deploy.0 = Debug|Any CPU
		{F17B24E9-DC25-4BB2-AAE4-BDD56B72C713}.Release|Any CPU.ActiveCfg = Release|Any CPU
		{F17B24E9-DC25-4BB2-AAE4-BDD56B72C713}.Release|Any CPU.Build.0 = Release|Any CPU
		{F17B24E9-DC25-4BB2-AAE4-BDD56B72C713}.Release|Any CPU.Deploy.0 = Release|Any CPU
		{F17B24E9-DC25-4BB2-AAE4-BDD56B72C713}.Release|ARM.ActiveCfg = Release|Any CPU
		{F17B24E9-DC25-4BB2-AAE4-BDD56B72C713}.Release|ARM.Build.0 = Release|Any CPU
		{F17B24E9-DC25-4BB2-AAE4-BDD56B72C713}.Release|ARM.Deploy.0 = Release|Any CPU
		{F17B24E9-DC25-4BB2-AAE4-BDD56B72C713}.Release|iPhone.ActiveCfg = Release|Any CPU
		{F17B24E9-DC25-4BB2-AAE4-BDD56B72C713}.Release|iPhone.Build.0 = Release|Any CPU
		{F17B24E9-DC25-4BB2-AAE4-BDD56B72C713}.Release|iPhone.Deploy.0 = Release|Any CPU
		{F17B24E9-DC25-4BB2-AAE4-BDD56B72C713}.Release|iPhoneSimulator.ActiveCfg = Release|Any CPU
		{F17B24E9-DC25-4BB2-AAE4-BDD56B72C713}.Release|iPhoneSimulator.Build.0 = Release|Any CPU
		{F17B24E9-DC25-4BB2-AAE4-BDD56B72C713}.Release|iPhoneSimulator.Deploy.0 = Release|Any CPU
		{F17B24E9-DC25-4BB2-AAE4-BDD56B72C713}.Release|x64.ActiveCfg = Release|Any CPU
		{F17B24E9-DC25-4BB2-AAE4-BDD56B72C713}.Release|x64.Build.0 = Release|Any CPU
		{F17B24E9-DC25-4BB2-AAE4-BDD56B72C713}.Release|x64.Deploy.0 = Release|Any CPU
		{F17B24E9-DC25-4BB2-AAE4-BDD56B72C713}.Release|x86.ActiveCfg = Release|Any CPU
		{F17B24E9-DC25-4BB2-AAE4-BDD56B72C713}.Release|x86.Build.0 = Release|Any CPU
		{F17B24E9-DC25-4BB2-AAE4-BDD56B72C713}.Release|x86.Deploy.0 = Release|Any CPU
		{AE45695D-FF2F-4C22-94C2-4F9356332762}.Debug|Any CPU.ActiveCfg = Debug|iPhone
		{AE45695D-FF2F-4C22-94C2-4F9356332762}.Debug|Any CPU.Build.0 = Debug|iPhone
		{AE45695D-FF2F-4C22-94C2-4F9356332762}.Debug|Any CPU.Deploy.0 = Debug|iPhone
		{AE45695D-FF2F-4C22-94C2-4F9356332762}.Debug|ARM.ActiveCfg = Debug|iPhone
		{AE45695D-FF2F-4C22-94C2-4F9356332762}.Debug|ARM.Build.0 = Debug|iPhone
		{AE45695D-FF2F-4C22-94C2-4F9356332762}.Debug|ARM.Deploy.0 = Debug|iPhone
		{AE45695D-FF2F-4C22-94C2-4F9356332762}.Debug|iPhone.ActiveCfg = Debug|iPhone
		{AE45695D-FF2F-4C22-94C2-4F9356332762}.Debug|iPhone.Build.0 = Debug|iPhone
		{AE45695D-FF2F-4C22-94C2-4F9356332762}.Debug|iPhone.Deploy.0 = Debug|iPhone
		{AE45695D-FF2F-4C22-94C2-4F9356332762}.Debug|iPhoneSimulator.ActiveCfg = Debug|iPhoneSimulator
		{AE45695D-FF2F-4C22-94C2-4F9356332762}.Debug|iPhoneSimulator.Build.0 = Debug|iPhoneSimulator
		{AE45695D-FF2F-4C22-94C2-4F9356332762}.Debug|iPhoneSimulator.Deploy.0 = Debug|iPhoneSimulator
		{AE45695D-FF2F-4C22-94C2-4F9356332762}.Debug|x64.ActiveCfg = Debug|iPhone
		{AE45695D-FF2F-4C22-94C2-4F9356332762}.Debug|x64.Build.0 = Debug|iPhone
		{AE45695D-FF2F-4C22-94C2-4F9356332762}.Debug|x64.Deploy.0 = Debug|iPhone
		{AE45695D-FF2F-4C22-94C2-4F9356332762}.Debug|x86.ActiveCfg = Debug|iPhone
		{AE45695D-FF2F-4C22-94C2-4F9356332762}.Debug|x86.Build.0 = Debug|iPhone
		{AE45695D-FF2F-4C22-94C2-4F9356332762}.Debug|x86.Deploy.0 = Debug|iPhone
		{AE45695D-FF2F-4C22-94C2-4F9356332762}.Release|Any CPU.ActiveCfg = Release|iPhone
		{AE45695D-FF2F-4C22-94C2-4F9356332762}.Release|Any CPU.Build.0 = Release|iPhone
		{AE45695D-FF2F-4C22-94C2-4F9356332762}.Release|Any CPU.Deploy.0 = Release|iPhone
		{AE45695D-FF2F-4C22-94C2-4F9356332762}.Release|ARM.ActiveCfg = Release|iPhone
		{AE45695D-FF2F-4C22-94C2-4F9356332762}.Release|ARM.Build.0 = Release|iPhone
		{AE45695D-FF2F-4C22-94C2-4F9356332762}.Release|ARM.Deploy.0 = Release|iPhone
		{AE45695D-FF2F-4C22-94C2-4F9356332762}.Release|iPhone.ActiveCfg = Release|iPhone
		{AE45695D-FF2F-4C22-94C2-4F9356332762}.Release|iPhone.Build.0 = Release|iPhone
		{AE45695D-FF2F-4C22-94C2-4F9356332762}.Release|iPhone.Deploy.0 = Release|iPhone
		{AE45695D-FF2F-4C22-94C2-4F9356332762}.Release|iPhoneSimulator.ActiveCfg = Release|iPhoneSimulator
		{AE45695D-FF2F-4C22-94C2-4F9356332762}.Release|iPhoneSimulator.Build.0 = Release|iPhoneSimulator
		{AE45695D-FF2F-4C22-94C2-4F9356332762}.Release|iPhoneSimulator.Deploy.0 = Release|iPhoneSimulator
		{AE45695D-FF2F-4C22-94C2-4F9356332762}.Release|x64.ActiveCfg = Release|iPhone
		{AE45695D-FF2F-4C22-94C2-4F9356332762}.Release|x64.Build.0 = Release|iPhone
		{AE45695D-FF2F-4C22-94C2-4F9356332762}.Release|x64.Deploy.0 = Release|iPhone
		{AE45695D-FF2F-4C22-94C2-4F9356332762}.Release|x86.ActiveCfg = Release|iPhone
		{AE45695D-FF2F-4C22-94C2-4F9356332762}.Release|x86.Build.0 = Release|iPhone
		{AE45695D-FF2F-4C22-94C2-4F9356332762}.Release|x86.Deploy.0 = Release|iPhone
		{5AAF4259-5FE7-45E2-B966-287C23C8BA74}.Debug|Any CPU.ActiveCfg = Debug|Any CPU
		{5AAF4259-5FE7-45E2-B966-287C23C8BA74}.Debug|Any CPU.Build.0 = Debug|Any CPU
		{5AAF4259-5FE7-45E2-B966-287C23C8BA74}.Debug|Any CPU.Deploy.0 = Debug|Any CPU
		{5AAF4259-5FE7-45E2-B966-287C23C8BA74}.Debug|ARM.ActiveCfg = Debug|Any CPU
		{5AAF4259-5FE7-45E2-B966-287C23C8BA74}.Debug|ARM.Build.0 = Debug|Any CPU
		{5AAF4259-5FE7-45E2-B966-287C23C8BA74}.Debug|ARM.Deploy.0 = Debug|Any CPU
		{5AAF4259-5FE7-45E2-B966-287C23C8BA74}.Debug|iPhone.ActiveCfg = Debug|Any CPU
		{5AAF4259-5FE7-45E2-B966-287C23C8BA74}.Debug|iPhone.Build.0 = Debug|Any CPU
		{5AAF4259-5FE7-45E2-B966-287C23C8BA74}.Debug|iPhone.Deploy.0 = Debug|Any CPU
		{5AAF4259-5FE7-45E2-B966-287C23C8BA74}.Debug|iPhoneSimulator.ActiveCfg = Debug|Any CPU
		{5AAF4259-5FE7-45E2-B966-287C23C8BA74}.Debug|iPhoneSimulator.Build.0 = Debug|Any CPU
		{5AAF4259-5FE7-45E2-B966-287C23C8BA74}.Debug|iPhoneSimulator.Deploy.0 = Debug|Any CPU
		{5AAF4259-5FE7-45E2-B966-287C23C8BA74}.Debug|x64.ActiveCfg = Debug|Any CPU
		{5AAF4259-5FE7-45E2-B966-287C23C8BA74}.Debug|x64.Build.0 = Debug|Any CPU
		{5AAF4259-5FE7-45E2-B966-287C23C8BA74}.Debug|x64.Deploy.0 = Debug|Any CPU
		{5AAF4259-5FE7-45E2-B966-287C23C8BA74}.Debug|x86.ActiveCfg = Debug|Any CPU
		{5AAF4259-5FE7-45E2-B966-287C23C8BA74}.Debug|x86.Build.0 = Debug|Any CPU
		{5AAF4259-5FE7-45E2-B966-287C23C8BA74}.Debug|x86.Deploy.0 = Debug|Any CPU
		{5AAF4259-5FE7-45E2-B966-287C23C8BA74}.Release|Any CPU.ActiveCfg = Release|Any CPU
		{5AAF4259-5FE7-45E2-B966-287C23C8BA74}.Release|Any CPU.Build.0 = Release|Any CPU
		{5AAF4259-5FE7-45E2-B966-287C23C8BA74}.Release|Any CPU.Deploy.0 = Release|Any CPU
		{5AAF4259-5FE7-45E2-B966-287C23C8BA74}.Release|ARM.ActiveCfg = Release|Any CPU
		{5AAF4259-5FE7-45E2-B966-287C23C8BA74}.Release|ARM.Build.0 = Release|Any CPU
		{5AAF4259-5FE7-45E2-B966-287C23C8BA74}.Release|ARM.Deploy.0 = Release|Any CPU
		{5AAF4259-5FE7-45E2-B966-287C23C8BA74}.Release|iPhone.ActiveCfg = Release|Any CPU
		{5AAF4259-5FE7-45E2-B966-287C23C8BA74}.Release|iPhone.Build.0 = Release|Any CPU
		{5AAF4259-5FE7-45E2-B966-287C23C8BA74}.Release|iPhone.Deploy.0 = Release|Any CPU
		{5AAF4259-5FE7-45E2-B966-287C23C8BA74}.Release|iPhoneSimulator.ActiveCfg = Release|Any CPU
		{5AAF4259-5FE7-45E2-B966-287C23C8BA74}.Release|iPhoneSimulator.Build.0 = Release|Any CPU
		{5AAF4259-5FE7-45E2-B966-287C23C8BA74}.Release|iPhoneSimulator.Deploy.0 = Release|Any CPU
		{5AAF4259-5FE7-45E2-B966-287C23C8BA74}.Release|x64.ActiveCfg = Release|Any CPU
		{5AAF4259-5FE7-45E2-B966-287C23C8BA74}.Release|x64.Build.0 = Release|Any CPU
		{5AAF4259-5FE7-45E2-B966-287C23C8BA74}.Release|x64.Deploy.0 = Release|Any CPU
		{5AAF4259-5FE7-45E2-B966-287C23C8BA74}.Release|x86.ActiveCfg = Release|Any CPU
		{5AAF4259-5FE7-45E2-B966-287C23C8BA74}.Release|x86.Build.0 = Release|Any CPU
		{5AAF4259-5FE7-45E2-B966-287C23C8BA74}.Release|x86.Deploy.0 = Release|Any CPU
	EndGlobalSection
	GlobalSection(SolutionProperties) = preSolution
		HideSolutionNode = FALSE
	EndGlobalSection
	GlobalSection(ExtensibilityGlobals) = postSolution
		SolutionGuid = {8CBA1532-2398-4881-8875-49C823045434}
	EndGlobalSection
EndGlobal
